
Microsoft Visual Studio Solution File, Format Version 12.00
# Visual Studio Version 17
VisualStudioVersion = 17.4.33205.214
MinimumVisualStudioVersion = 10.0.40219.1
Project("{FAE04EC0-301F-11D3-BF4B-00C04F79EFBC}") = "Desenho2D-Básico", "Desenho2D - Básico\Desenho2D-Básico.csproj", "{797D3DDE-1CAE-4483-851D-460A4A62C425}"
EndProject
Project("{FAE04EC0-301F-11D3-BF4B-00C04F79EFBC}") = "Desenho2D-Avançado", "Desenho2D - Avançado\Desenho2D-Avançado.csproj", "{C4791B2F-2121-490F-83C1-B84BB3E920C5}"
EndProject
Global
	GlobalSection(SolutionConfigurationPlatforms) = preSolution
		Debug|Any CPU = Debug|Any CPU
		Release|Any CPU = Release|Any CPU
	EndGlobalSection
	GlobalSection(ProjectConfigurationPlatforms) = postSolution
		{797D3DDE-1CAE-4483-851D-460A4A62C425}.Debug|Any CPU.ActiveCfg = Debug|Any CPU
		{797D3DDE-1CAE-4483-851D-460A4A62C425}.Debug|Any CPU.Build.0 = Debug|Any CPU
		{797D3DDE-1CAE-4483-851D-460A4A62C425}.Release|Any CPU.ActiveCfg = Release|Any CPU
		{797D3DDE-1CAE-4483-851D-460A4A62C425}.Release|Any CPU.Build.0 = Release|Any CPU
		{C4791B2F-2121-490F-83C1-B84BB3E920C5}.Debug|Any CPU.ActiveCfg = Debug|Any CPU
		{C4791B2F-2121-490F-83C1-B84BB3E920C5}.Debug|Any CPU.Build.0 = Debug|Any CPU
		{C4791B2F-2121-490F-83C1-B84BB3E920C5}.Release|Any CPU.ActiveCfg = Release|Any CPU
		{C4791B2F-2121-490F-83C1-B84BB3E920C5}.Release|Any CPU.Build.0 = Release|Any CPU
	EndGlobalSection
	GlobalSection(SolutionProperties) = preSolution
		HideSolutionNode = FALSE
	EndGlobalSection
	GlobalSection(ExtensibilityGlobals) = postSolution
		SolutionGuid = {DEA3DF3A-29DE-43E5-BF70-DBDAD2DF9373}
	EndGlobalSection
EndGlobal
